
Microsoft Visual Studio Solution File, Format Version 12.00
# Visual Studio Version 17
VisualStudioVersion = 17.7.34031.279
MinimumVisualStudioVersion = 10.0.40219.1
Project("{9A19103F-16F7-4668-BE54-9A1E7A4F7556}") = "EntityCoreCourse", "EntityCoreCourse\EntityCoreCourse.csproj", "{F417053E-C15E-48DF-9C3E-614BD72C04FB}"
EndProject
Global
	GlobalSection(SolutionConfigurationPlatforms) = preSolution
		Debug|Any CPU = Debug|Any CPU
		Release|Any CPU = Release|Any CPU
	EndGlobalSection
	GlobalSection(ProjectConfigurationPlatforms) = postSolution
		{F417053E-C15E-48DF-9C3E-614BD72C04FB}.Debug|Any CPU.ActiveCfg = Debug|Any CPU
		{F417053E-C15E-48DF-9C3E-614BD72C04FB}.Debug|Any CPU.Build.0 = Debug|Any CPU
		{F417053E-C15E-48DF-9C3E-614BD72C04FB}.Release|Any CPU.ActiveCfg = Release|Any CPU
		{F417053E-C15E-48DF-9C3E-614BD72C04FB}.Release|Any CPU.Build.0 = Release|Any CPU
	EndGlobalSection
	GlobalSection(SolutionProperties) = preSolution
		HideSolutionNode = FALSE
	EndGlobalSection
	GlobalSection(ExtensibilityGlobals) = postSolution
		SolutionGuid = {19F19DB0-2D50-4B8D-AA3F-A807A0903985}
	EndGlobalSection
EndGlobal
